{
  "name": "lumia_plugin-rss-feed-monitor",
  "version": "1.0.0",
  "lockfileVersion": 3,
  "requires": true,
  "packages": {
    "": {
      "name": "lumia_plugin-rss-feed-monitor",
      "version": "1.0.0",
      "dependencies": {
        "@lumiastream/plugin": "^0.3.2"
      }
    },
    "node_modules/@lumiastream/plugin": {
      "version": "0.3.9",
      "resolved": "https://registry.npmjs.org/@lumiastream/plugin/-/plugin-0.3.9.tgz",
      "integrity": "sha512-bvKlrajkM+w4Z7n4Vh7WzDl2gnWPW9OxcZyEgq59bU3eZrLlcIyKpfYdQnj3GKfpvPg5ZoV6svEgyraAQcRY8Q==",
      "license": "MIT"
    }
  }
}
