{
  "name": "lumia-example-divoom-controller",
  "version": "1.0.0",
  "lockfileVersion": 3,
  "requires": true,
  "packages": {
    "": {
      "name": "lumia-example-divoom-controller",
      "version": "1.0.0",
      "dependencies": {
        "@lumiastream/plugin": "^0.1.18"
      }
    },
    "node_modules/@lumiastream/plugin": {
      "version": "0.1.18",
      "resolved": "https://registry.npmjs.org/@lumiastream/plugin/-/plugin-0.1.18.tgz",
      "integrity": "sha512-J290nM+G6wD8fUFAdJgzEWkRZEZCKtDjLDRAh5utHVOily+sJrg/tl2HhyEXGB+ALHZpEiYGfIyLWghhYlKiTQ==",
      "license": "MIT"
    }
  }
}
