{
	"name": "lumia-example-steam",
	"version": "1.0.0",
	"lockfileVersion": 3,
	"requires": true,
	"packages": {
		"": {
			"name": "lumia-example-steam",
			"version": "1.0.0",
			"dependencies": {
				"@lumiastream/plugin": "^0.4.1"
			}
		},
		"node_modules/@lumiastream/plugin": {
			"version": "0.4.6",
			"resolved": "https://registry.npmjs.org/@lumiastream/plugin/-/plugin-0.4.6.tgz",
			"integrity": "sha512-hAC+XHvtZukF1/I+59yliS5zyc3kObvBZdNreqIwpAVLz3UYfjFRvKDz1vo81YeaFTbiEAtH5wEgBUPPJ4Yn7g==",
			"license": "MIT"
		}
	}
}
